{
  "version": 4,
  "terraform_version": "1.15.3",
  "serial": 13,
  "lineage": "c7f7a8f3-53dc-ff75-f699-032e106b8586",
  "outputs": {
    "current_user": {
      "value": "Ruben Martins",
      "type": "string"
    },
    "development_repo": {
      "value": "development-repo",
      "type": "string"
    },
    "production_environment": {
      "value": "production",
      "type": "string"
    },
    "production_repo_url": {
      "value": "https://github.com/Rubenm83/production-repo",
      "type": "string"
    }
  },
  "resources": [
    {
      "mode": "data",
      "type": "github_repository",
      "name": "existing_example",
      "provider": "provider[\"registry.terraform.io/integrations/github\"]",
      "instances": [
        {
          "schema_version": 0,
          "attributes": {
            "allow_auto_merge": null,
            "allow_merge_commit": null,
            "allow_rebase_merge": null,
            "allow_squash_merge": null,
            "allow_update_branch": null,
            "archived": null,
            "default_branch": null,
            "delete_branch_on_merge": null,
            "description": null,
            "fork": null,
            "full_name": null,
            "git_clone_url": null,
            "has_discussions": null,
            "has_downloads": null,
            "has_issues": null,
            "has_projects": null,
            "has_wiki": null,
            "homepage_url": null,
            "html_url": null,
            "http_clone_url": null,
            "id": null,
            "is_template": null,
            "merge_commit_message": null,
            "merge_commit_title": null,
            "name": null,
            "node_id": null,
            "pages": null,
            "primary_language": null,
            "private": null,
            "repo_id": null,
            "repository_license": null,
            "squash_merge_commit_message": null,
            "squash_merge_commit_title": null,
            "ssh_clone_url": null,
            "svn_url": null,
            "template": null,
            "topics": null,
            "visibility": null
          },
          "sensitive_attributes": [],
          "identity_schema_version": 0
        }
      ]
    },
    {
      "mode": "data",
      "type": "github_user",
      "name": "current",
      "provider": "provider[\"registry.terraform.io/integrations/github\"]",
      "instances": [
        {
          "schema_version": 0,
          "attributes": {
            "avatar_url": "https://avatars.githubusercontent.com/u/39858074?v=4",
            "bio": "",
            "blog": "",
            "company": "",
            "created_at": "2018-06-02 13:50:38 +0000 UTC",
            "email": "",
            "followers": 3,
            "following": 5,
            "gpg_keys": [],
            "gravatar_id": "",
            "id": "39858074",
            "location": "",
            "login": "Rubenm83",
            "name": "Ruben Martins",
            "node_id": "MDQ6VXNlcjM5ODU4MDc0",
            "public_gists": 0,
            "public_repos": 23,
            "site_admin": false,
            "ssh_keys": [],
            "suspended_at": "0001-01-01 00:00:00 +0000 UTC",
            "updated_at": "2026-03-05 15:09:38 +0000 UTC",
            "username": null
          },
          "sensitive_attributes": [],
          "identity_schema_version": 0
        }
      ]
    },
    {
      "mode": "managed",
      "type": "github_branch",
      "name": "development",
      "provider": "provider[\"registry.terraform.io/integrations/github\"]",
      "instances": [
        {
          "schema_version": 0,
          "attributes": {
            "branch": "main",
            "etag": "W/\"472abb3d5930f0223e6d45c7d93b401aed7ffff76fc0ffff40919222d6ed304e\"",
            "id": "development-repo:main",
            "ref": "refs/heads/main",
            "repository": "development-repo",
            "sha": "134b7fcb7a24c706ece0c1ce06b01fce6e926ff7",
            "source_branch": "main",
            "source_sha": "134b7fcb7a24c706ece0c1ce06b01fce6e926ff7"
          },
          "sensitive_attributes": [],
          "identity_schema_version": 0,
          "private": "bnVsbA==",
          "dependencies": [
            "github_repository.development"
          ]
        }
      ]
    },
    {
      "mode": "managed",
      "type": "github_branch_default",
      "name": "development",
      "provider": "provider[\"registry.terraform.io/integrations/github\"]",
      "instances": [
        {
          "schema_version": 0,
          "attributes": {
            "branch": "main",
            "etag": "W/\"bf93641b59f46565266f7997ab04c61b8259f5c15778f481f3a35e53f8079e3d\"",
            "id": "development-repo",
            "rename": false,
            "repository": "development-repo"
          },
          "sensitive_attributes": [],
          "identity_schema_version": 0,
          "private": "bnVsbA==",
          "dependencies": [
            "github_branch.development",
            "github_repository.development"
          ]
        }
      ]
    },
    {
      "mode": "managed",
      "type": "github_branch_protection",
      "name": "development",
      "provider": "provider[\"registry.terraform.io/integrations/github\"]",
      "instances": [
        {
          "schema_version": 2,
          "attributes": {
            "allows_deletions": false,
            "allows_force_pushes": false,
            "enforce_admins": false,
            "force_push_bypassers": [],
            "id": "BPR_kwDOSoRNpc4EoHkf",
            "lock_branch": false,
            "pattern": "main",
            "repository_id": "R_kgDOSoRNpQ",
            "require_conversation_resolution": false,
            "require_signed_commits": false,
            "required_linear_history": false,
            "required_pull_request_reviews": [],
            "required_status_checks": [],
            "restrict_pushes": []
          },
          "sensitive_attributes": [],
          "identity_schema_version": 0,
          "private": "eyJzY2hlbWFfdmVyc2lvbiI6IjIifQ==",
          "dependencies": [
            "github_repository.development"
          ]
        }
      ]
    },
    {
      "mode": "managed",
      "type": "github_branch_protection",
      "name": "production",
      "provider": "provider[\"registry.terraform.io/integrations/github\"]",
      "instances": [
        {
          "schema_version": 2,
          "attributes": {
            "allows_deletions": false,
            "allows_force_pushes": false,
            "enforce_admins": true,
            "force_push_bypassers": null,
            "id": "BPR_kwDOSoT8DM4EoIAM",
            "lock_branch": false,
            "pattern": "main",
            "repository_id": "R_kgDOSoT8DA",
            "require_conversation_resolution": false,
            "require_signed_commits": true,
            "required_linear_history": false,
            "required_pull_request_reviews": [
              {
                "dismiss_stale_reviews": true,
                "dismissal_restrictions": null,
                "pull_request_bypassers": null,
                "require_code_owner_reviews": true,
                "require_last_push_approval": false,
                "required_approving_review_count": 3,
                "restrict_dismissals": false
              }
            ],
            "required_status_checks": [],
            "restrict_pushes": []
          },
          "sensitive_attributes": [],
          "identity_schema_version": 0,
          "private": "eyJzY2hlbWFfdmVyc2lvbiI6IjIifQ==",
          "dependencies": [
            "github_repository.production"
          ]
        }
      ]
    },
    {
      "mode": "managed",
      "type": "github_repository",
      "name": "development",
      "provider": "provider[\"registry.terraform.io/integrations/github\"]",
      "instances": [
        {
          "schema_version": 1,
          "attributes": {
            "allow_auto_merge": false,
            "allow_merge_commit": true,
            "allow_rebase_merge": true,
            "allow_squash_merge": true,
            "allow_update_branch": false,
            "archive_on_destroy": null,
            "archived": false,
            "auto_init": true,
            "default_branch": "main",
            "delete_branch_on_merge": false,
            "description": "Primary Dev Repo for new apps",
            "etag": "W/\"bf93641b59f46565266f7997ab04c61b8259f5c15778f481f3a35e53f8079e3d\"",
            "full_name": "Rubenm83/development-repo",
            "git_clone_url": "git://github.com/Rubenm83/development-repo.git",
            "gitignore_template": null,
            "has_discussions": false,
            "has_downloads": false,
            "has_issues": true,
            "has_projects": false,
            "has_wiki": true,
            "homepage_url": "",
            "html_url": "https://github.com/Rubenm83/development-repo",
            "http_clone_url": "https://github.com/Rubenm83/development-repo.git",
            "id": "development-repo",
            "ignore_vulnerability_alerts_during_read": null,
            "is_template": false,
            "license_template": null,
            "merge_commit_message": "PR_TITLE",
            "merge_commit_title": "MERGE_MESSAGE",
            "name": "development-repo",
            "node_id": "R_kgDOSoRNpQ",
            "pages": [],
            "primary_language": "",
            "private": false,
            "repo_id": 1250184613,
            "security_and_analysis": [
              {
                "advanced_security": [],
                "secret_scanning": [
                  {
                    "status": "enabled"
                  }
                ],
                "secret_scanning_push_protection": [
                  {
                    "status": "enabled"
                  }
                ]
              }
            ],
            "squash_merge_commit_message": "COMMIT_MESSAGES",
            "squash_merge_commit_title": "COMMIT_OR_PR_TITLE",
            "ssh_clone_url": "git@github.com:Rubenm83/development-repo.git",
            "svn_url": "https://github.com/Rubenm83/development-repo",
            "template": [],
            "topics": [
              "infrastructure-as-code",
              "terraform"
            ],
            "visibility": "public",
            "vulnerability_alerts": false,
            "web_commit_signoff_required": false
          },
          "sensitive_attributes": [],
          "identity_schema_version": 0,
          "private": "eyJzY2hlbWFfdmVyc2lvbiI6IjEifQ=="
        }
      ]
    },
    {
      "mode": "managed",
      "type": "github_repository",
      "name": "example",
      "provider": "provider[\"registry.terraform.io/integrations/github\"]",
      "instances": [
        {
          "schema_version": 1,
          "attributes": {
            "allow_auto_merge": false,
            "allow_merge_commit": true,
            "allow_rebase_merge": true,
            "allow_squash_merge": true,
            "allow_update_branch": false,
            "archive_on_destroy": null,
            "archived": false,
            "auto_init": null,
            "default_branch": "main",
            "delete_branch_on_merge": false,
            "description": "Your repo description",
            "etag": "W/\"890dde7bed6be11f838d4a5e37bd8f21c101ba38262333ccbbc32469db524ce2\"",
            "full_name": "Rubenm83/your-repo-name",
            "git_clone_url": "git://github.com/Rubenm83/your-repo-name.git",
            "gitignore_template": null,
            "has_discussions": false,
            "has_downloads": false,
            "has_issues": false,
            "has_projects": false,
            "has_wiki": false,
            "homepage_url": "",
            "html_url": "https://github.com/Rubenm83/your-repo-name",
            "http_clone_url": "https://github.com/Rubenm83/your-repo-name.git",
            "id": "your-repo-name",
            "ignore_vulnerability_alerts_during_read": null,
            "is_template": false,
            "license_template": null,
            "merge_commit_message": "PR_TITLE",
            "merge_commit_title": "MERGE_MESSAGE",
            "name": "your-repo-name",
            "node_id": "R_kgDOSoT8MA",
            "pages": [],
            "primary_language": "",
            "private": false,
            "repo_id": 1250229296,
            "security_and_analysis": [
              {
                "advanced_security": [],
                "secret_scanning": [
                  {
                    "status": "enabled"
                  }
                ],
                "secret_scanning_push_protection": [
                  {
                    "status": "enabled"
                  }
                ]
              }
            ],
            "squash_merge_commit_message": "COMMIT_MESSAGES",
            "squash_merge_commit_title": "COMMIT_OR_PR_TITLE",
            "ssh_clone_url": "git@github.com:Rubenm83/your-repo-name.git",
            "svn_url": "https://github.com/Rubenm83/your-repo-name",
            "template": [],
            "topics": [],
            "visibility": "public",
            "vulnerability_alerts": false,
            "web_commit_signoff_required": false
          },
          "sensitive_attributes": [],
          "identity_schema_version": 0,
          "private": "eyJzY2hlbWFfdmVyc2lvbiI6IjEifQ=="
        }
      ]
    },
    {
      "mode": "managed",
      "type": "github_repository",
      "name": "production",
      "provider": "provider[\"registry.terraform.io/integrations/github\"]",
      "instances": [
        {
          "schema_version": 1,
          "attributes": {
            "allow_auto_merge": false,
            "allow_merge_commit": true,
            "allow_rebase_merge": true,
            "allow_squash_merge": true,
            "allow_update_branch": false,
            "archive_on_destroy": null,
            "archived": false,
            "auto_init": true,
            "default_branch": "main",
            "delete_branch_on_merge": false,
            "description": "Production repository managed by Terraform",
            "etag": "W/\"3c6ff65badcf6eeaacde36ebe915190d1b54ea912fface867d5c191a60e01417\"",
            "full_name": "Rubenm83/production-repo",
            "git_clone_url": "git://github.com/Rubenm83/production-repo.git",
            "gitignore_template": null,
            "has_discussions": false,
            "has_downloads": false,
            "has_issues": true,
            "has_projects": false,
            "has_wiki": false,
            "homepage_url": "",
            "html_url": "https://github.com/Rubenm83/production-repo",
            "http_clone_url": "https://github.com/Rubenm83/production-repo.git",
            "id": "production-repo",
            "ignore_vulnerability_alerts_during_read": null,
            "is_template": false,
            "license_template": null,
            "merge_commit_message": "PR_TITLE",
            "merge_commit_title": "MERGE_MESSAGE",
            "name": "production-repo",
            "node_id": "R_kgDOSoT8DA",
            "pages": [],
            "primary_language": "",
            "private": false,
            "repo_id": 1250229260,
            "security_and_analysis": [
              {
                "advanced_security": [],
                "secret_scanning": [
                  {
                    "status": "enabled"
                  }
                ],
                "secret_scanning_push_protection": [
                  {
                    "status": "enabled"
                  }
                ]
              }
            ],
            "squash_merge_commit_message": "COMMIT_MESSAGES",
            "squash_merge_commit_title": "COMMIT_OR_PR_TITLE",
            "ssh_clone_url": "git@github.com:Rubenm83/production-repo.git",
            "svn_url": "https://github.com/Rubenm83/production-repo",
            "template": [],
            "topics": [
              "production",
              "terraform"
            ],
            "visibility": "public",
            "vulnerability_alerts": true,
            "web_commit_signoff_required": false
          },
          "sensitive_attributes": [],
          "identity_schema_version": 0,
          "private": "eyJzY2hlbWFfdmVyc2lvbiI6IjEifQ=="
        }
      ]
    },
    {
      "mode": "managed",
      "type": "github_repository_environment",
      "name": "production",
      "provider": "provider[\"registry.terraform.io/integrations/github\"]",
      "instances": [
        {
          "schema_version": 0,
          "attributes": {
            "can_admins_bypass": true,
            "deployment_branch_policy": [
              {
                "custom_branch_policies": false,
                "protected_branches": true
              }
            ],
            "environment": "production",
            "id": "production-repo:production",
            "prevent_self_review": false,
            "repository": "production-repo",
            "reviewers": [
              {
                "teams": null,
                "users": [
                  39858074
                ]
              }
            ],
            "wait_timer": 0
          },
          "sensitive_attributes": [],
          "identity_schema_version": 0,
          "private": "bnVsbA==",
          "dependencies": [
            "data.github_user.current",
            "github_repository.production"
          ]
        }
      ]
    }
  ],
  "check_results": null
}
