{
  "version": 4,
  "terraform_version": "1.15.3",
  "serial": 6,
  "lineage": "c7f7a8f3-53dc-ff75-f699-032e106b8586",
  "outputs": {
    "development_repo": {
      "value": "development-repo",
      "type": "string"
    }
  },
  "resources": [
    {
      "mode": "managed",
      "type": "github_branch",
      "name": "development",
      "provider": "provider[\"registry.terraform.io/integrations/github\"]",
      "instances": [
        {
          "schema_version": 0,
          "attributes": {
            "branch": "main",
            "etag": "W/\"472abb3d5930f0223e6d45c7d93b401aed7ffff76fc0ffff40919222d6ed304e\"",
            "id": "development-repo:main",
            "ref": "refs/heads/main",
            "repository": "development-repo",
            "sha": "134b7fcb7a24c706ece0c1ce06b01fce6e926ff7",
            "source_branch": "main",
            "source_sha": "134b7fcb7a24c706ece0c1ce06b01fce6e926ff7"
          },
          "sensitive_attributes": [],
          "identity_schema_version": 0,
          "private": "bnVsbA==",
          "dependencies": [
            "github_repository.development"
          ]
        }
      ]
    },
    {
      "mode": "managed",
      "type": "github_branch_default",
      "name": "development",
      "provider": "provider[\"registry.terraform.io/integrations/github\"]",
      "instances": [
        {
          "schema_version": 0,
          "attributes": {
            "branch": "main",
            "etag": "W/\"bf93641b59f46565266f7997ab04c61b8259f5c15778f481f3a35e53f8079e3d\"",
            "id": "development-repo",
            "rename": false,
            "repository": "development-repo"
          },
          "sensitive_attributes": [],
          "identity_schema_version": 0,
          "private": "bnVsbA==",
          "dependencies": [
            "github_branch.development",
            "github_repository.development"
          ]
        }
      ]
    },
    {
      "mode": "managed",
      "type": "github_branch_protection",
      "name": "development",
      "provider": "provider[\"registry.terraform.io/integrations/github\"]",
      "instances": [
        {
          "schema_version": 2,
          "attributes": {
            "allows_deletions": false,
            "allows_force_pushes": false,
            "enforce_admins": false,
            "force_push_bypassers": null,
            "id": "BPR_kwDOSoRNpc4EoHkf",
            "lock_branch": false,
            "pattern": "main",
            "repository_id": "R_kgDOSoRNpQ",
            "require_conversation_resolution": false,
            "require_signed_commits": false,
            "required_linear_history": false,
            "required_pull_request_reviews": [],
            "required_status_checks": [],
            "restrict_pushes": []
          },
          "sensitive_attributes": [],
          "identity_schema_version": 0,
          "private": "eyJzY2hlbWFfdmVyc2lvbiI6IjIifQ==",
          "dependencies": [
            "github_repository.development"
          ]
        }
      ]
    },
    {
      "mode": "managed",
      "type": "github_repository",
      "name": "development",
      "provider": "provider[\"registry.terraform.io/integrations/github\"]",
      "instances": [
        {
          "schema_version": 1,
          "attributes": {
            "allow_auto_merge": false,
            "allow_merge_commit": true,
            "allow_rebase_merge": true,
            "allow_squash_merge": true,
            "allow_update_branch": false,
            "archive_on_destroy": null,
            "archived": false,
            "auto_init": true,
            "default_branch": "main",
            "delete_branch_on_merge": false,
            "description": "Primary Dev Repo for new apps",
            "etag": "W/\"bf93641b59f46565266f7997ab04c61b8259f5c15778f481f3a35e53f8079e3d\"",
            "full_name": "Rubenm83/development-repo",
            "git_clone_url": "git://github.com/Rubenm83/development-repo.git",
            "gitignore_template": null,
            "has_discussions": false,
            "has_downloads": false,
            "has_issues": true,
            "has_projects": false,
            "has_wiki": true,
            "homepage_url": "",
            "html_url": "https://github.com/Rubenm83/development-repo",
            "http_clone_url": "https://github.com/Rubenm83/development-repo.git",
            "id": "development-repo",
            "ignore_vulnerability_alerts_during_read": null,
            "is_template": false,
            "license_template": null,
            "merge_commit_message": "PR_TITLE",
            "merge_commit_title": "MERGE_MESSAGE",
            "name": "development-repo",
            "node_id": "R_kgDOSoRNpQ",
            "pages": [],
            "primary_language": "",
            "private": false,
            "repo_id": 1250184613,
            "security_and_analysis": [
              {
                "advanced_security": [],
                "secret_scanning": [
                  {
                    "status": "enabled"
                  }
                ],
                "secret_scanning_push_protection": [
                  {
                    "status": "enabled"
                  }
                ]
              }
            ],
            "squash_merge_commit_message": "COMMIT_MESSAGES",
            "squash_merge_commit_title": "COMMIT_OR_PR_TITLE",
            "ssh_clone_url": "git@github.com:Rubenm83/development-repo.git",
            "svn_url": "https://github.com/Rubenm83/development-repo",
            "template": [],
            "topics": [
              "infrastructure-as-code",
              "terraform"
            ],
            "visibility": "public",
            "vulnerability_alerts": false,
            "web_commit_signoff_required": false
          },
          "sensitive_attributes": [],
          "identity_schema_version": 0,
          "private": "eyJzY2hlbWFfdmVyc2lvbiI6IjEifQ=="
        }
      ]
    }
  ],
  "check_results": null
}
